
Microsoft Visual Studio Solution File, Format Version 12.00
# Visual Studio Version 17
VisualStudioVersion = 17.4.33110.190
MinimumVisualStudioVersion = 10.0.40219.1
Project("{9A19103F-16F7-4668-BE54-9A1E7A4F7556}") = "ServisTakip.Core", "ServisTakip.Core\ServisTakip.Core.csproj", "{79CC14F9-B466-422B-8CFA-806C73B7AEB8}"
EndProject
Project("{9A19103F-16F7-4668-BE54-9A1E7A4F7556}") = "ServisTakip.Business", "ServisTakip.Business\ServisTakip.Business.csproj", "{98C9CDD6-6990-4203-8C12-FD090EEC635C}"
EndProject
Project("{9A19103F-16F7-4668-BE54-9A1E7A4F7556}") = "ServisTakip.DataAccess", "ServisTakip.DataAccess\ServisTakip.DataAccess.csproj", "{7FC9434C-682B-431F-8FA0-33D31942A48B}"
EndProject
Project("{9A19103F-16F7-4668-BE54-9A1E7A4F7556}") = "ServisTakip.Entities", "ServisTakip.Entities\ServisTakip.Entities.csproj", "{2BAF3FCA-8AAF-4B48-A26A-9BF0A2566542}"
EndProject
Project("{9A19103F-16F7-4668-BE54-9A1E7A4F7556}") = "ServisTakip.Api", "ServisTakip.Api\ServisTakip.Api.csproj", "{7A1FA812-8524-4A53-B6FB-E4B2035E0149}"
EndProject
Project("{2150E333-8FDC-42A3-9474-1A3956D46DE8}") = "Solution Items", "Solution Items", "{7E8A4106-585E-4628-A7FA-E5FC6C5B5CF5}"
	ProjectSection(SolutionItems) = preProject
		.editorconfig = .editorconfig
	EndProjectSection
EndProject
Global
	GlobalSection(SolutionConfigurationPlatforms) = preSolution
		Debug|Any CPU = Debug|Any CPU
		Release|Any CPU = Release|Any CPU
	EndGlobalSection
	GlobalSection(ProjectConfigurationPlatforms) = postSolution
		{79CC14F9-B466-422B-8CFA-806C73B7AEB8}.Debug|Any CPU.ActiveCfg = Debug|Any CPU
		{79CC14F9-B466-422B-8CFA-806C73B7AEB8}.Debug|Any CPU.Build.0 = Debug|Any CPU
		{79CC14F9-B466-422B-8CFA-806C73B7AEB8}.Release|Any CPU.ActiveCfg = Release|Any CPU
		{79CC14F9-B466-422B-8CFA-806C73B7AEB8}.Release|Any CPU.Build.0 = Release|Any CPU
		{98C9CDD6-6990-4203-8C12-FD090EEC635C}.Debug|Any CPU.ActiveCfg = Debug|Any CPU
		{98C9CDD6-6990-4203-8C12-FD090EEC635C}.Debug|Any CPU.Build.0 = Debug|Any CPU
		{98C9CDD6-6990-4203-8C12-FD090EEC635C}.Release|Any CPU.ActiveCfg = Release|Any CPU
		{98C9CDD6-6990-4203-8C12-FD090EEC635C}.Release|Any CPU.Build.0 = Release|Any CPU
		{7FC9434C-682B-431F-8FA0-33D31942A48B}.Debug|Any CPU.ActiveCfg = Debug|Any CPU
		{7FC9434C-682B-431F-8FA0-33D31942A48B}.Debug|Any CPU.Build.0 = Debug|Any CPU
		{7FC9434C-682B-431F-8FA0-33D31942A48B}.Release|Any CPU.ActiveCfg = Release|Any CPU
		{7FC9434C-682B-431F-8FA0-33D31942A48B}.Release|Any CPU.Build.0 = Release|Any CPU
		{2BAF3FCA-8AAF-4B48-A26A-9BF0A2566542}.Debug|Any CPU.ActiveCfg = Debug|Any CPU
		{2BAF3FCA-8AAF-4B48-A26A-9BF0A2566542}.Debug|Any CPU.Build.0 = Debug|Any CPU
		{2BAF3FCA-8AAF-4B48-A26A-9BF0A2566542}.Release|Any CPU.ActiveCfg = Release|Any CPU
		{2BAF3FCA-8AAF-4B48-A26A-9BF0A2566542}.Release|Any CPU.Build.0 = Release|Any CPU
		{7A1FA812-8524-4A53-B6FB-E4B2035E0149}.Debug|Any CPU.ActiveCfg = Debug|Any CPU
		{7A1FA812-8524-4A53-B6FB-E4B2035E0149}.Debug|Any CPU.Build.0 = Debug|Any CPU
		{7A1FA812-8524-4A53-B6FB-E4B2035E0149}.Release|Any CPU.ActiveCfg = Release|Any CPU
		{7A1FA812-8524-4A53-B6FB-E4B2035E0149}.Release|Any CPU.Build.0 = Release|Any CPU
	EndGlobalSection
	GlobalSection(SolutionProperties) = preSolution
		HideSolutionNode = FALSE
	EndGlobalSection
	GlobalSection(ExtensibilityGlobals) = postSolution
		SolutionGuid = {39A24C4D-F662-418C-A4A7-09A62E344178}
	EndGlobalSection
EndGlobal
